hash: ebe32c0112fa3be10d2569a21455c99824d6f2a25fbd6c0593e579eaa50315a7
updated: 2017-10-12T12:02:40.267622418+02:00
imports:
- name: github.com/andybalholm/cascadia
  version: 349dd0209470eabd9514242c688c403c0926d266
- name: github.com/davecgh/go-spew
  version: 346938d642f2ec3594ed81d874461961cd0faa76
  subpackages:
  - spew
- name: github.com/FlashbackSRS/flashback-model
  version: c9cf5ebb3b69093305b10a0e391909e48ce65853
- name: github.com/flimzy/goweb
  version: 3f8643d366a98037bfb7643ebf15c8c45f291e03
  subpackages:
  - blob
  - file
- name: github.com/flimzy/jqeventrouter
  version: 457b14bf10290699ba4c042d0168d4fbb45eb823
- name: github.com/flimzy/kivik
  version: ace441aeb9cbf092f3bef024343a732ae700682f
  subpackages:
  - collate
  - driver
  - driver/couchdb/chttp
  - driver/util
  - errors
- name: github.com/flimzy/log
  version: 775874b5dd4b1bc0e9cffd55962a44b5ee7f3cd4
- name: github.com/go-kivik/couchdb
  version: 46b88f5eefafbf4d3e11e7a61f6e1893d1bf2d9f
  subpackages:
  - chttp
- name: github.com/go-kivik/mango
  version: 6447c9bcf24e71967adc9699cb87d8040483f0fd
- name: github.com/go-kivik/memorydb
  version: bc9fe85f9dfc729f7889fada4c034aec65e70fe9
- name: github.com/go-kivik/pouchdb
  version: 97c6f4422ef82b76e9e8e07d0d482684bd42461b
  subpackages:
  - bindings
- name: github.com/gopherjs/jquery
  version: c5b71b8699e312469a95c0927c19833fa42359e6
- name: github.com/gopherjs/jsbuiltin
  version: 67703bfb044e3192fbcab025c3aeaeedafad1f2f
- name: github.com/hashicorp/errwrap
  version: 7554cd9344cec97297fa6649b055a8c98c2a1e55
- name: github.com/hashicorp/go-multierror
  version: 83588e72410abfbe4df460eeb6f30841ae47d4c4
- name: github.com/imdario/mergo
  version: 7fe0c75c13abdee74b09fcacef5ea1c6bba6a874
- name: github.com/nicksnyder/go-i18n
  version: ca33e78c8a430e2df435b02f63a3944fa8e9ea11
  subpackages:
  - i18n/bundle
  - i18n/language
  - i18n/translation
- name: github.com/pborman/uuid
  version: e790cca94e6cc75c7064b1332e63811d4aae1a53
- name: github.com/pelletier/go-toml
  version: 2009e44b6f182e34d8ce081ac2767622937ea3d4
- name: github.com/pkg/errors
  version: 645ef00459ed84a119197bfb8d8205042c6df63d
- name: github.com/PuerkitoBio/goquery
  version: e1271ee34c6a305e38566ecd27ae374944907ee9
- name: github.com/sergi/go-diff
  version: feef008d51ad2b3778f85d387ccf91735543008d
  subpackages:
  - diffmatchpatch
- name: golang.org/x/net
  version: a04bdaca5b32abe1c069418fb7088ae607de5bd0
  subpackages:
  - context
  - html
  - html/atom
  - publicsuffix
- name: golang.org/x/text
  version: 825fc78a2fd6fa0a5447e300189e3219e05e1f25
  subpackages:
  - internal/tag
  - language
- name: gopkg.in/yaml.v2
  version: eb3733d160e74a9c7e442f435eb3bea458e1d19f
- name: honnef.co/go/js/console
  version: 105276c4355828b6126d4d7d0bf8b09d02606686
testImports:
- name: github.com/flimzy/diff
  version: cbbf57022d4b1c8923c8dd293fce1c2fd8945227
- name: github.com/flimzy/testy
  version: 2457b061b2d011fb037d00e72c3d932d45814051
- name: github.com/go-chi/chi
  version: f7c66f685bcab06bcce78ac212c5f3553c063d19
- name: github.com/pmezard/go-difflib
  version: 792786c7400a136282c1664665ae0a8db921c6c2
  subpackages:
  - difflib
