hash: fa2b899fc56860227dd304b1215953d60762585ee1f5857a086759f156b23665
updated: 2017-09-15T16:12:04.593209718+02:00
imports:
- name: github.com/andybalholm/cascadia
  version: 349dd0209470eabd9514242c688c403c0926d266
- name: github.com/FlashbackSRS/flashback-model
  version: a9780f22bcf46434069d7ed33edd6ea5a16253fe
- name: github.com/flimzy/goweb
  version: 3f8643d366a98037bfb7643ebf15c8c45f291e03
  subpackages:
  - blob
  - file
- name: github.com/flimzy/jqeventrouter
  version: 457b14bf10290699ba4c042d0168d4fbb45eb823
- name: github.com/flimzy/kivik
  version: 5f708f34dedf2908c5a30bb393ebb5941099812b
  subpackages:
  - collate
  - driver
  - driver/couchdb/chttp
  - driver/util
  - errors
- name: github.com/flimzy/log
  version: 775874b5dd4b1bc0e9cffd55962a44b5ee7f3cd4
- name: github.com/go-kivik/couchdb
  version: 64d2ee9d5127eb5efb18003d0d1ebb2890a46e4a
  subpackages:
  - chttp
- name: github.com/go-kivik/mango
  version: 6447c9bcf24e71967adc9699cb87d8040483f0fd
- name: github.com/go-kivik/memorydb
  version: 603670783b3834becb1abd8622f2a41b9b0cdead
- name: github.com/go-kivik/pouchdb
  version: 1e0e2e004f98cd6a721ee7285e888ed7ec499f2e
  subpackages:
  - bindings
- name: github.com/gopherjs/jquery
  version: c5b71b8699e312469a95c0927c19833fa42359e6
- name: github.com/gopherjs/jsbuiltin
  version: 8831a521bd78a65f94dab7f9e2de71fad0ed3d73
- name: github.com/hashicorp/errwrap
  version: 7554cd9344cec97297fa6649b055a8c98c2a1e55
- name: github.com/hashicorp/go-multierror
  version: 83588e72410abfbe4df460eeb6f30841ae47d4c4
- name: github.com/imdario/mergo
  version: 3e95a51e0639b4cf372f2ccf74c86749d747fbdc
- name: github.com/nicksnyder/go-i18n
  version: 3e70a1a463008cea6726380c908b1a6a8bdf7b24
  subpackages:
  - i18n/bundle
  - i18n/language
  - i18n/translation
- name: github.com/pborman/uuid
  version: e790cca94e6cc75c7064b1332e63811d4aae1a53
- name: github.com/pelletier/go-toml
  version: 1d6b12b7cb290426e27e6b4e38b89fcda3aeef03
- name: github.com/pkg/errors
  version: 645ef00459ed84a119197bfb8d8205042c6df63d
- name: github.com/PuerkitoBio/goquery
  version: e1271ee34c6a305e38566ecd27ae374944907ee9
- name: github.com/sergi/go-diff
  version: feef008d51ad2b3778f85d387ccf91735543008d
  subpackages:
  - diffmatchpatch
- name: golang.org/x/net
  version: 1a26cf06691746ee35aa7113c9b37289afc7ea28
  subpackages:
  - context
  - html
  - html/atom
  - publicsuffix
- name: golang.org/x/text
  version: 1cbadb444a806fd9430d14ad08967ed91da4fa0a
  subpackages:
  - internal/tag
  - language
- name: gopkg.in/yaml.v2
  version: eb3733d160e74a9c7e442f435eb3bea458e1d19f
- name: honnef.co/go/js/console
  version: 105276c4355828b6126d4d7d0bf8b09d02606686
testImports:
- name: github.com/davecgh/go-spew
  version: 346938d642f2ec3594ed81d874461961cd0faa76
  subpackages:
  - spew
- name: github.com/flimzy/diff
  version: cbbf57022d4b1c8923c8dd293fce1c2fd8945227
- name: github.com/go-chi/chi
  version: 04ec7fc4179604b2390947258f9143eaae23b596
- name: github.com/pmezard/go-difflib
  version: 792786c7400a136282c1664665ae0a8db921c6c2
  subpackages:
  - difflib
