# This file is autogenerated, do not edit; changes may be undone by the next 'dep ensure'.


[[projects]]
  branch = "master"
  name = "github.com/FlashbackSRS/flashback-model"
  packages = ["."]
  revision = "7033192b8d92a34eb9f1ff2ff70aad54b0b5af96"

[[projects]]
  name = "github.com/PuerkitoBio/goquery"
  packages = ["."]
  revision = "e1271ee34c6a305e38566ecd27ae374944907ee9"
  version = "v1.1.0"

[[projects]]
  branch = "master"
  name = "github.com/andybalholm/cascadia"
  packages = ["."]
  revision = "349dd0209470eabd9514242c688c403c0926d266"

[[projects]]
  name = "github.com/davecgh/go-spew"
  packages = ["spew"]
  revision = "346938d642f2ec3594ed81d874461961cd0faa76"
  version = "v1.1.0"

[[projects]]
  name = "github.com/flimzy/diff"
  packages = ["."]
  revision = "cbbf57022d4b1c8923c8dd293fce1c2fd8945227"
  version = "v0.1.2"

[[projects]]
  branch = "master"
  name = "github.com/flimzy/go-cordova"
  packages = ["."]
  revision = "749e013bb45a8f34e9dd6f616cc9afd9792c6ec2"

[[projects]]
  branch = "master"
  name = "github.com/flimzy/goweb"
  packages = ["blob","file"]
  revision = "3f8643d366a98037bfb7643ebf15c8c45f291e03"

[[projects]]
  branch = "master"
  name = "github.com/flimzy/jqeventrouter"
  packages = ["."]
  revision = "457b14bf10290699ba4c042d0168d4fbb45eb823"

[[projects]]
  branch = "master"
  name = "github.com/flimzy/kivik"
  packages = [".","collate","driver","driver/couchdb/chttp","driver/util","errors"]
  revision = "987ab2b4511ca6e42961c48a29e899978d21bce9"

[[projects]]
  branch = "master"
  name = "github.com/flimzy/log"
  packages = ["."]
  revision = "775874b5dd4b1bc0e9cffd55962a44b5ee7f3cd4"

[[projects]]
  name = "github.com/go-chi/chi"
  packages = ["."]
  revision = "ba73ba0623af32e4e5f09880177e73bd78d98852"
  version = "v3.2.0"

[[projects]]
  name = "github.com/go-kivik/mango"
  packages = ["."]
  revision = "6447c9bcf24e71967adc9699cb87d8040483f0fd"
  version = "v0.0.1"

[[projects]]
  branch = "master"
  name = "github.com/go-kivik/memorydb"
  packages = ["."]
  revision = "aadc348537cfbbd64e31d091f34d69c24fb7bb3e"

[[projects]]
  name = "github.com/go-kivik/pouchdb"
  packages = [".","bindings"]
  revision = "1e0e2e004f98cd6a721ee7285e888ed7ec499f2e"
  version = "v1.0.6"

[[projects]]
  branch = "master"
  name = "github.com/gopherjs/gopherjs"
  packages = ["js"]
  revision = "f7c56533adfac99e12ccdccfec04a466d2a778da"

[[projects]]
  branch = "master"
  name = "github.com/gopherjs/jquery"
  packages = ["."]
  revision = "55a713a3102d1d7426bfc3f501ecf6c5908a6e46"

[[projects]]
  branch = "master"
  name = "github.com/gopherjs/jsbuiltin"
  packages = ["."]
  revision = "67703bfb044e3192fbcab025c3aeaeedafad1f2f"

[[projects]]
  branch = "master"
  name = "github.com/hashicorp/errwrap"
  packages = ["."]
  revision = "7554cd9344cec97297fa6649b055a8c98c2a1e55"

[[projects]]
  branch = "master"
  name = "github.com/hashicorp/go-multierror"
  packages = ["."]
  revision = "83588e72410abfbe4df460eeb6f30841ae47d4c4"

[[projects]]
  name = "github.com/imdario/mergo"
  packages = ["."]
  revision = "3e95a51e0639b4cf372f2ccf74c86749d747fbdc"
  version = "0.2.2"

[[projects]]
  name = "github.com/nicksnyder/go-i18n"
  packages = ["i18n/bundle","i18n/language","i18n/translation"]
  revision = "3e70a1a463008cea6726380c908b1a6a8bdf7b24"
  version = "v1.8.1"

[[projects]]
  name = "github.com/pborman/uuid"
  packages = ["."]
  revision = "e790cca94e6cc75c7064b1332e63811d4aae1a53"
  version = "v1.1"

[[projects]]
  branch = "master"
  name = "github.com/pelletier/go-toml"
  packages = ["."]
  revision = "9c1b4e331f1e3d98e72600677699fbe212cd6d16"

[[projects]]
  name = "github.com/pkg/errors"
  packages = ["."]
  revision = "645ef00459ed84a119197bfb8d8205042c6df63d"
  version = "v0.8.0"

[[projects]]
  name = "github.com/pmezard/go-difflib"
  packages = ["difflib"]
  revision = "792786c7400a136282c1664665ae0a8db921c6c2"
  version = "v1.0.0"

[[projects]]
  branch = "master"
  name = "github.com/sergi/go-diff"
  packages = ["diffmatchpatch"]
  revision = "feef008d51ad2b3778f85d387ccf91735543008d"

[[projects]]
  name = "golang.org/x/net"
  packages = ["context","html","html/atom","idna","publicsuffix"]
  revision = "1a26cf06691746ee35aa7113c9b37289afc7ea28"

[[projects]]
  branch = "master"
  name = "golang.org/x/text"
  packages = ["internal/gen","internal/tag","internal/triegen","internal/ucd","language","secure/bidirule","transform","unicode/bidi","unicode/cldr","unicode/norm","unicode/rangetable"]
  revision = "18c65dde6afd36dbc39197ca72008895b8dfbfb6"

[[projects]]
  branch = "v2"
  name = "gopkg.in/yaml.v2"
  packages = ["."]
  revision = "eb3733d160e74a9c7e442f435eb3bea458e1d19f"

[[projects]]
  branch = "master"
  name = "honnef.co/go/js/console"
  packages = ["."]
  revision = "105276c4355828b6126d4d7d0bf8b09d02606686"

[solve-meta]
  analyzer-name = "dep"
  analyzer-version = 1
  inputs-digest = "e2698d306e6d1ad2a283a35be9e05ecebd5d7c1be5669f1234441a02cccca431"
  solver-name = "gps-cdcl"
  solver-version = 1
